// !$*UTF8*$!
{
	archiveVersion = 1;
	classes = {
	};
	objectVersion = 46;
	objects = {

/* Begin PBXBuildFile section */
		E276F4861F06910C00BBD95E /* AppDelegate.swift in Sources */ = {isa = PBXBuildFile; fileRef = E276F4851F06910C00BBD95E /* AppDelegate.swift */; };
		E276F4881F06910C00BBD95E /* ViewController.swift in Sources */ = {isa = PBXBuildFile; fileRef = E276F4871F06910C00BBD95E /* ViewController.swift */; };
		E276F48B1F06910C00BBD95E /* Main.storyboard in Resources */ = {isa = PBXBuildFile; fileRef = E276F4891F06910C00BBD95E /* Main.storyboard */; };
		E276F48E1F06910C00BBD95E /* msc_project.xcdatamodeld in Sources */ = {isa = PBXBuildFile; fileRef = E276F48C1F06910C00BBD95E /* msc_project.xcdatamodeld */; };
		E276F4901F06910C00BBD95E /* Assets.xcassets in Resources */ = {isa = PBXBuildFile; fileRef = E276F48F1F06910C00BBD95E /* Assets.xcassets */; };
		E276F4931F06910C00BBD95E /* LaunchScreen.storyboard in Resources */ = {isa = PBXBuildFile; fileRef = E276F4911F06910C00BBD95E /* LaunchScreen.storyboard */; };
		E276F49B1F06946800BBD95E /* CharacterScreenController.swift in Sources */ = {isa = PBXBuildFile; fileRef = E276F49A1F06946800BBD95E /* CharacterScreenController.swift */; };
/* End PBXBuildFile section */

/* Begin PBXFileReference section */
		E276F4821F06910C00BBD95E /* msc_project.app */ = {isa = PBXFileReference; explicitFileType = wrapper.application; includeInIndex = 0; path = msc_project.app; sourceTree = BUILT_PRODUCTS_DIR; };
		E276F4851F06910C00BBD95E /* AppDelegate.swift */ = {isa = PBXFileReference; lastKnownFileType = sourcecode.swift; path = AppDelegate.swift; sourceTree = "<group>"; };
		E276F4871F06910C00BBD95E /* ViewController.swift */ = {isa = PBXFileReference; lastKnownFileType = sourcecode.swift; path = ViewController.swift; sourceTree = "<group>"; };
		E276F48A1F06910C00BBD95E /* Base */ = {isa = PBXFileReference; lastKnownFileType = file.storyboard; name = Base; path = Base.lproj/Main.storyboard; sourceTree = "<group>"; };
		E276F48D1F06910C00BBD95E /* msc_project.xcdatamodel */ = {isa = PBXFileReference; lastKnownFileType = wrapper.xcdatamodel; path = msc_project.xcdatamodel; sourceTree = "<group>"; };
		E276F48F1F06910C00BBD95E /* Assets.xcassets */ = {isa = PBXFileReference; lastKnownFileType = folder.assetcatalog; path = Assets.xcassets; sourceTree = "<group>"; };
		E276F4921F06910C00BBD95E /* Base */ = {isa = PBXFileReference; lastKnownFileType = file.storyboard; name = Base; path = Base.lproj/LaunchScreen.storyboard; sourceTree = "<group>"; };
		E276F4941F06910C00BBD95E /* Info.plist */ = {isa = PBXFileReference; lastKnownFileType = text.plist.xml; path = Info.plist; sourceTree = "<group>"; };
		E276F49A1F06946800BBD95E /* CharacterScreenController.swift */ = {isa = PBXFileReference; fileEncoding = 4; lastKnownFileType = sourcecode.swift; path = CharacterScreenController.swift; sourceTree = "<group>"; };
/* End PBXFileReference section */

/* Begin PBXFrameworksBuildPhase section */
		E276F47F1F06910C00BBD95E /* Frameworks */ = {
			isa = PBXFrameworksBuildPhase;
			buildActionMask = 2147483647;
			files = (
			);
			runOnlyForDeploymentPostprocessing = 0;
		};
/* End PBXFrameworksBuildPhase section */

/* Begin PBXGroup section */
		E276F4791F06910B00BBD95E = {
			isa = PBXGroup;
			children = (
				E276F4841F06910C00BBD95E /* msc_project */,
				E276F4831F06910C00BBD95E /* Products */,
			);
			sourceTree = "<group>";
		};
		E276F4831F06910C00BBD95E /* Products */ = {
			isa = PBXGroup;
			children = (
				E276F4821F06910C00BBD95E /* msc_project.app */,
			);
			name = Products;
			sourceTree = "<group>";
		};
		E276F4841F06910C00BBD95E /* msc_project */ = {
			isa = PBXGroup;
			children = (
				E276F4851F06910C00BBD95E /* AppDelegate.swift */,
				E276F4871F06910C00BBD95E /* ViewController.swift */,
				E276F49A1F06946800BBD95E /* CharacterScreenController.swift */,
				E276F4891F06910C00BBD95E /* Main.storyboard */,
				E276F48F1F06910C00BBD95E /* Assets.xcassets */,
				E276F4911F06910C00BBD95E /* LaunchScreen.storyboard */,
				E276F4941F06910C00BBD95E /* Info.plist */,
				E276F48C1F06910C00BBD95E /* msc_project.xcdatamodeld */,
			);
			path = msc_project;
			sourceTree = "<group>";
		};
/* End PBXGroup section */

/* Begin PBXNativeTarget section */
		E276F4811F06910C00BBD95E /* msc_project */ = {
			isa = PBXNativeTarget;
			buildConfigurationList = E276F4971F06910C00BBD95E /* Build configuration list for PBXNativeTarget "msc_project" */;
			buildPhases = (
				E276F47E1F06910C00BBD95E /* Sources */,
				E276F47F1F06910C00BBD95E /* Frameworks */,
				E276F4801F06910C00BBD95E /* Resources */,
			);
			buildRules = (
			);
			dependencies = (
			);
			name = msc_project;
			productName = msc_project;
			productReference = E276F4821F06910C00BBD95E /* msc_project.app */;
			productType = "com.apple.product-type.application";
		};
/* End PBXNativeTarget section */

/* Begin PBXProject section */
		E276F47A1F06910B00BBD95E /* Project object */ = {
			isa = PBXProject;
			attributes = {
				LastSwiftUpdateCheck = 0820;
				LastUpgradeCheck = 0820;
				ORGANIZATIONNAME = "Nihat Ozcan [sc16nbo]";
				TargetAttributes = {
					E276F4811F06910C00BBD95E = {
						CreatedOnToolsVersion = 8.2.1;
						ProvisioningStyle = Automatic;
					};
				};
			};
			buildConfigurationList = E276F47D1F06910B00BBD95E /* Build configuration list for PBXProject "msc_project" */;
			compatibilityVersion = "Xcode 3.2";
			developmentRegion = English;
			hasScannedForEncodings = 0;
			knownRegions = (
				en,
				Base,
			);
			mainGroup = E276F4791F06910B00BBD95E;
			productRefGroup = E276F4831F06910C00BBD95E /* Products */;
			projectDirPath = "";
			projectRoot = "";
			targets = (
				E276F4811F06910C00BBD95E /* msc_project */,
			);
		};
/* End PBXProject section */

/* Begin PBXResourcesBuildPhase section */
		E276F4801F06910C00BBD95E /* Resources */ = {
			isa = PBXResourcesBuildPhase;
			buildActionMask = 2147483647;
			files = (
				E276F4931F06910C00BBD95E /* LaunchScreen.storyboard in Resources */,
				E276F4901F06910C00BBD95E /* Assets.xcassets in Resources */,
				E276F48B1F06910C00BBD95E /* Main.storyboard in Resources */,
			);
			runOnlyForDeploymentPostprocessing = 0;
		};
/* End PBXResourcesBuildPhase section */

/* Begin PBXSourcesBuildPhase section */
		E276F47E1F06910C00BBD95E /* Sources */ = {
			isa = PBXSourcesBuildPhase;
			buildActionMask = 2147483647;
			files = (
				E276F4881F06910C00BBD95E /* ViewController.swift in Sources */,
				E276F4861F06910C00BBD95E /* AppDelegate.swift in Sources */,
				E276F48E1F06910C00BBD95E /* msc_project.xcdatamodeld in Sources */,
				E276F49B1F06946800BBD95E /* CharacterScreenController.swift in Sources */,
			);
			runOnlyForDeploymentPostprocessing = 0;
		};
/* End PBXSourcesBuildPhase section */

/* Begin PBXVariantGroup section */
		E276F4891F06910C00BBD95E /* Main.storyboard */ = {
			isa = PBXVariantGroup;
			children = (
				E276F48A1F06910C00BBD95E /* Base */,
			);
			name = Main.storyboard;
			sourceTree = "<group>";
		};
		E276F4911F06910C00BBD95E /* LaunchScreen.storyboard */ = {
			isa = PBXVariantGroup;
			children = (
				E276F4921F06910C00BBD95E /* Base */,
			);
			name = LaunchScreen.storyboard;
			sourceTree = "<group>";
		};
/* End PBXVariantGroup section */

/* Begin XCBuildConfiguration section */
		E276F4951F06910C00BBD95E /* Debug */ = {
			isa = XCBuildConfiguration;
			buildSettings = {
				ALWAYS_SEARCH_USER_PATHS = NO;
				CLANG_ANALYZER_NONNULL = YES;
				CLANG_CXX_LANGUAGE_STANDARD = "gnu++0x";
				CLANG_CXX_LIBRARY = "libc++";
				CLANG_ENABLE_MODULES = YES;
				CLANG_ENABLE_OBJC_ARC = YES;
				CLANG_WARN_BOOL_CONVERSION = YES;
				CLANG_WARN_CONSTANT_CONVERSION = YES;
				CLANG_WARN_DIRECT_OBJC_ISA_USAGE = YES_ERROR;
				CLANG_WARN_DOCUMENTATION_COMMENTS = YES;
				CLANG_WARN_EMPTY_BODY = YES;
				CLANG_WARN_ENUM_CONVERSION = YES;
				CLANG_WARN_INFINITE_RECURSION = YES;
				CLANG_WARN_INT_CONVERSION = YES;
				CLANG_WARN_OBJC_ROOT_CLASS = YES_ERROR;
				CLANG_WARN_SUSPICIOUS_MOVE = YES;
				CLANG_WARN_UNREACHABLE_CODE = YES;
				CLANG_WARN__DUPLICATE_METHOD_MATCH = YES;
				"CODE_SIGN_IDENTITY[sdk=iphoneos*]" = "iPhone Developer";
				COPY_PHASE_STRIP = NO;
				DEBUG_INFORMATION_FORMAT = dwarf;
				ENABLE_STRICT_OBJC_MSGSEND = YES;
				ENABLE_TESTABILITY = YES;
				GCC_C_LANGUAGE_STANDARD = gnu99;
				GCC_DYNAMIC_NO_PIC = NO;
				GCC_NO_COMMON_BLOCKS = YES;
				GCC_OPTIMIZATION_LEVEL = 0;
				GCC_PREPROCESSOR_DEFINITIONS = (
					"DEBUG=1",
					"$(inherited)",
				);
				GCC_WARN_64_TO_32_BIT_CONVERSION = YES;
				GCC_WARN_ABOUT_RETURN_TYPE = YES_ERROR;
				GCC_WARN_UNDECLARED_SELECTOR = YES;
				GCC_WARN_UNINITIALIZED_AUTOS = YES_AGGRESSIVE;
				GCC_WARN_UNUSED_FUNCTION = YES;
				GCC_WARN_UNUSED_VARIABLE = YES;
				IPHONEOS_DEPLOYMENT_TARGET = 10.2;
				MTL_ENABLE_DEBUG_INFO = YES;
				ONLY_ACTIVE_ARCH = YES;
				SDKROOT = iphoneos;
				SWIFT_ACTIVE_COMPILATION_CONDITIONS = DEBUG;
				SWIFT_OPTIMIZATION_LEVEL = "-Onone";
				TARGETED_DEVICE_FAMILY = "1,2";
			};
			name = Debug;
		};
		E276F4961F06910C00BBD95E /* Release */ = {
			isa = XCBuildConfiguration;
			buildSettings = {
				ALWAYS_SEARCH_USER_PATHS = NO;
				CLANG_ANALYZER_NONNULL = YES;
				CLANG_CXX_LANGUAGE_STANDARD = "gnu++0x";
				CLANG_CXX_LIBRARY = "libc++";
				CLANG_ENABLE_MODULES = YES;
				CLANG_ENABLE_OBJC_ARC = YES;
				CLANG_WARN_BOOL_CONVERSION = YES;
				CLANG_WARN_CONSTANT_CONVERSION = YES;
				CLANG_WARN_DIRECT_OBJC_ISA_USAGE = YES_ERROR;
				CLANG_WARN_DOCUMENTATION_COMMENTS = YES;
				CLANG_WARN_EMPTY_BODY = YES;
				CLANG_WARN_ENUM_CONVERSION = YES;
				CLANG_WARN_INFINITE_RECURSION = YES;
				CLANG_WARN_INT_CONVERSION = YES;
				CLANG_WARN_OBJC_ROOT_CLASS = YES_ERROR;
				CLANG_WARN_SUSPICIOUS_MOVE = YES;
				CLANG_WARN_UNREACHABLE_CODE = YES;
				CLANG_WARN__DUPLICATE_METHOD_MATCH = YES;
				"CODE_SIGN_IDENTITY[sdk=iphoneos*]" = "iPhone Developer";
				COPY_PHASE_STRIP = NO;
				DEBUG_INFORMATION_FORMAT = "dwarf-with-dsym";
				ENABLE_NS_ASSERTIONS = NO;
				ENABLE_STRICT_OBJC_MSGSEND = YES;
				GCC_C_LANGUAGE_STANDARD = gnu99;
				GCC_NO_COMMON_BLOCKS = YES;
				GCC_WARN_64_TO_32_BIT_CONVERSION = YES;
				GCC_WARN_ABOUT_RETURN_TYPE = YES_ERROR;
				GCC_WARN_UNDECLARED_SELECTOR = YES;
				GCC_WARN_UNINITIALIZED_AUTOS = YES_AGGRESSIVE;
				GCC_WARN_UNUSED_FUNCTION = YES;
				GCC_WARN_UNUSED_VARIABLE = YES;
				IPHONEOS_DEPLOYMENT_TARGET = 10.2;
				MTL_ENABLE_DEBUG_INFO = NO;
				SDKROOT = iphoneos;
				SWIFT_OPTIMIZATION_LEVEL = "-Owholemodule";
				TARGETED_DEVICE_FAMILY = "1,2";
				VALIDATE_PRODUCT = YES;
			};
			name = Release;
		};
		E276F4981F06910C00BBD95E /* Debug */ = {
			isa = XCBuildConfiguration;
			buildSettings = {
				ASSETCATALOG_COMPILER_APPICON_NAME = AppIcon;
				INFOPLIST_FILE = msc_project/Info.plist;
				LD_RUNPATH_SEARCH_PATHS = "$(inherited) @executable_path/Frameworks";
				PRODUCT_BUNDLE_IDENTIFIER = "sc16nbo.msc-project";
				PRODUCT_NAME = "$(TARGET_NAME)";
				SWIFT_VERSION = 3.0;
			};
			name = Debug;
		};
		E276F4991F06910C00BBD95E /* Release */ = {
			isa = XCBuildConfiguration;
			buildSettings = {
				ASSETCATALOG_COMPILER_APPICON_NAME = AppIcon;
				INFOPLIST_FILE = msc_project/Info.plist;
				LD_RUNPATH_SEARCH_PATHS = "$(inherited) @executable_path/Frameworks";
				PRODUCT_BUNDLE_IDENTIFIER = "sc16nbo.msc-project";
				PRODUCT_NAME = "$(TARGET_NAME)";
				SWIFT_VERSION = 3.0;
			};
			name = Release;
		};
/* End XCBuildConfiguration section */

/* Begin XCConfigurationList section */
		E276F47D1F06910B00BBD95E /* Build configuration list for PBXProject "msc_project" */ = {
			isa = XCConfigurationList;
			buildConfigurations = (
				E276F4951F06910C00BBD95E /* Debug */,
				E276F4961F06910C00BBD95E /* Release */,
			);
			defaultConfigurationIsVisible = 0;
			defaultConfigurationName = Release;
		};
		E276F4971F06910C00BBD95E /* Build configuration list for PBXNativeTarget "msc_project" */ = {
			isa = XCConfigurationList;
			buildConfigurations = (
				E276F4981F06910C00BBD95E /* Debug */,
				E276F4991F06910C00BBD95E /* Release */,
			);
			defaultConfigurationIsVisible = 0;
		};
/* End XCConfigurationList section */

/* Begin XCVersionGroup section */
		E276F48C1F06910C00BBD95E /* msc_project.xcdatamodeld */ = {
			isa = XCVersionGroup;
			children = (
				E276F48D1F06910C00BBD95E /* msc_project.xcdatamodel */,
			);
			currentVersion = E276F48D1F06910C00BBD95E /* msc_project.xcdatamodel */;
			path = msc_project.xcdatamodeld;
			sourceTree = "<group>";
			versionGroupType = wrapper.xcdatamodel;
		};
/* End XCVersionGroup section */
	};
	rootObject = E276F47A1F06910B00BBD95E /* Project object */;
}
